
Microsoft Visual Studio Solution File, Format Version 12.00
# Visual Studio Version 17
VisualStudioVersion = 17.6.33927.249
MinimumVisualStudioVersion = 10.0.40219.1
Project("{FAE04EC0-301F-11D3-BF4B-00C04F79EFBC}") = "RobotSimulator", "RobotSimulator\RobotSimulator.csproj", "{15AB1F86-9CFC-40C6-8EE7-E54D20C76704}"
EndProject
Project("{FAE04EC0-301F-11D3-BF4B-00C04F79EFBC}") = "Tests", "Tests\Tests.csproj", "{7C50712D-087E-40B7-AB51-5D68C5E77BC5}"
EndProject
Global
	GlobalSection(SolutionConfigurationPlatforms) = preSolution
		Debug|Any CPU = Debug|Any CPU
		Release|Any CPU = Release|Any CPU
	EndGlobalSection
	GlobalSection(ProjectConfigurationPlatforms) = postSolution
		{15AB1F86-9CFC-40C6-8EE7-E54D20C76704}.Debug|Any CPU.ActiveCfg = Debug|Any CPU
		{15AB1F86-9CFC-40C6-8EE7-E54D20C76704}.Debug|Any CPU.Build.0 = Debug|Any CPU
		{15AB1F86-9CFC-40C6-8EE7-E54D20C76704}.Release|Any CPU.ActiveCfg = Release|Any CPU
		{15AB1F86-9CFC-40C6-8EE7-E54D20C76704}.Release|Any CPU.Build.0 = Release|Any CPU
		{7C50712D-087E-40B7-AB51-5D68C5E77BC5}.Debug|Any CPU.ActiveCfg = Debug|Any CPU
		{7C50712D-087E-40B7-AB51-5D68C5E77BC5}.Debug|Any CPU.Build.0 = Debug|Any CPU
		{7C50712D-087E-40B7-AB51-5D68C5E77BC5}.Release|Any CPU.ActiveCfg = Release|Any CPU
		{7C50712D-087E-40B7-AB51-5D68C5E77BC5}.Release|Any CPU.Build.0 = Release|Any CPU
	EndGlobalSection
	GlobalSection(SolutionProperties) = preSolution
		HideSolutionNode = FALSE
	EndGlobalSection
	GlobalSection(ExtensibilityGlobals) = postSolution
		SolutionGuid = {98F9FD07-6971-4F9C-B1D5-8395DCAB7190}
	EndGlobalSection
EndGlobal
